
Microsoft Visual Studio Solution File, Format Version 12.00
# Visual Studio Version 16
VisualStudioVersion = 16.0.28803.916
MinimumVisualStudioVersion = 10.0.40219.1
Project("{FAE04EC0-301F-11D3-BF4B-00C04F79EFBC}") = "API_AulaMobile", "API_AulaMobile\API_AulaMobile.csproj", "{F064411B-6CEA-4246-99EF-B413F1440B77}"
EndProject
Global
	GlobalSection(SolutionConfigurationPlatforms) = preSolution
		Debug|Any CPU = Debug|Any CPU
		Release|Any CPU = Release|Any CPU
	EndGlobalSection
	GlobalSection(ProjectConfigurationPlatforms) = postSolution
		{F064411B-6CEA-4246-99EF-B413F1440B77}.Debug|Any CPU.ActiveCfg = Debug|Any CPU
		{F064411B-6CEA-4246-99EF-B413F1440B77}.Debug|Any CPU.Build.0 = Debug|Any CPU
		{F064411B-6CEA-4246-99EF-B413F1440B77}.Release|Any CPU.ActiveCfg = Release|Any CPU
		{F064411B-6CEA-4246-99EF-B413F1440B77}.Release|Any CPU.Build.0 = Release|Any CPU
	EndGlobalSection
	GlobalSection(SolutionProperties) = preSolution
		HideSolutionNode = FALSE
	EndGlobalSection
	GlobalSection(ExtensibilityGlobals) = postSolution
		SolutionGuid = {A1260EB8-4469-4754-8BCE-79DEFC6C31B0}
	EndGlobalSection
EndGlobal
